
Microsoft Visual Studio Solution File, Format Version 12.00
# Visual Studio 2013
VisualStudioVersion = 12.0.21005.1
MinimumVisualStudioVersion = 10.0.40219.1
Project("{FAE04EC0-301F-11D3-BF4B-00C04F79EFBC}") = "XStudio.School.Input.Repository", "XStudio.School.Input.Repository\XStudio.School.Input.Repository.csproj", "{5E490B32-B5BA-4CB6-B9AC-A311E6642906}"
EndProject
Project("{FAE04EC0-301F-11D3-BF4B-00C04F79EFBC}") = "XStudio.School.Input.Domain", "XStudio.School.Input.Domain\XStudio.School.Input.Domain.csproj", "{17F316BF-98DA-489C-A51E-FBA487ADE21B}"
EndProject
Project("{FAE04EC0-301F-11D3-BF4B-00C04F79EFBC}") = "XStudio.School.Input.Infrastructure", "XStudio.School.Input.Infrastructure\XStudio.School.Input.Infrastructure.csproj", "{293364E0-58E7-424B-896A-862A231352BA}"
EndProject
Project("{2150E333-8FDC-42A3-9474-1A3956D46DE8}") = "Application", "Application", "{1984E8A9-612C-4CB5-9D50-E2892320F264}"
EndProject
Project("{2150E333-8FDC-42A3-9474-1A3956D46DE8}") = "Domain", "Domain", "{088C8FF0-D5BC-4D26-A097-4107C641684A}"
EndProject
Project("{2150E333-8FDC-42A3-9474-1A3956D46DE8}") = "Infrastructure", "Infrastructure", "{F127B7D2-A5D2-43EF-B020-85203DC015E3}"
EndProject
Project("{2150E333-8FDC-42A3-9474-1A3956D46DE8}") = "Test", "Test", "{FB55CE18-4A11-44E1-A09E-F7C001A3DCB8}"
EndProject
Project("{FAE04EC0-301F-11D3-BF4B-00C04F79EFBC}") = "XStudio.School.Input.Web", "XStudio.School.Input.Web\XStudio.School.Input.Web.csproj", "{E2516972-FF23-4EE9-8A2D-31A05A3F178A}"
EndProject
Project("{FAE04EC0-301F-11D3-BF4B-00C04F79EFBC}") = "XStudio.School.Input.Service", "XStudio.School.Input.Service\XStudio.School.Input.Service.csproj", "{7A2BAA2A-2D70-4371-9F32-CB3B71541651}"
EndProject
Project("{FAE04EC0-301F-11D3-BF4B-00C04F79EFBC}") = "XStudio.School.Input.Controller", "XStudio.School.Input.Controller\XStudio.School.Input.Controller.csproj", "{832891C9-213D-4140-8097-01F6E3A9313B}"
EndProject
Project("{FAE04EC0-301F-11D3-BF4B-00C04F79EFBC}") = "XStudio.School.Input.Model", "XStudio.School.Input.Model\XStudio.School.Input.Model.csproj", "{637DD406-19C7-49F0-8F33-31772B90750D}"
EndProject
Global
	GlobalSection(SolutionConfigurationPlatforms) = preSolution
		Debug|Any CPU = Debug|Any CPU
		Release|Any CPU = Release|Any CPU
	EndGlobalSection
	GlobalSection(ProjectConfigurationPlatforms) = postSolution
		{5E490B32-B5BA-4CB6-B9AC-A311E6642906}.Debug|Any CPU.ActiveCfg = Debug|Any CPU
		{5E490B32-B5BA-4CB6-B9AC-A311E6642906}.Debug|Any CPU.Build.0 = Debug|Any CPU
		{5E490B32-B5BA-4CB6-B9AC-A311E6642906}.Release|Any CPU.ActiveCfg = Release|Any CPU
		{5E490B32-B5BA-4CB6-B9AC-A311E6642906}.Release|Any CPU.Build.0 = Release|Any CPU
		{17F316BF-98DA-489C-A51E-FBA487ADE21B}.Debug|Any CPU.ActiveCfg = Debug|Any CPU
		{17F316BF-98DA-489C-A51E-FBA487ADE21B}.Debug|Any CPU.Build.0 = Debug|Any CPU
		{17F316BF-98DA-489C-A51E-FBA487ADE21B}.Release|Any CPU.ActiveCfg = Release|Any CPU
		{17F316BF-98DA-489C-A51E-FBA487ADE21B}.Release|Any CPU.Build.0 = Release|Any CPU
		{293364E0-58E7-424B-896A-862A231352BA}.Debug|Any CPU.ActiveCfg = Debug|Any CPU
		{293364E0-58E7-424B-896A-862A231352BA}.Debug|Any CPU.Build.0 = Debug|Any CPU
		{293364E0-58E7-424B-896A-862A231352BA}.Release|Any CPU.ActiveCfg = Release|Any CPU
		{293364E0-58E7-424B-896A-862A231352BA}.Release|Any CPU.Build.0 = Release|Any CPU
		{E2516972-FF23-4EE9-8A2D-31A05A3F178A}.Debug|Any CPU.ActiveCfg = Debug|Any CPU
		{E2516972-FF23-4EE9-8A2D-31A05A3F178A}.Debug|Any CPU.Build.0 = Debug|Any CPU
		{E2516972-FF23-4EE9-8A2D-31A05A3F178A}.Release|Any CPU.ActiveCfg = Release|Any CPU
		{E2516972-FF23-4EE9-8A2D-31A05A3F178A}.Release|Any CPU.Build.0 = Release|Any CPU
		{7A2BAA2A-2D70-4371-9F32-CB3B71541651}.Debug|Any CPU.ActiveCfg = Debug|Any CPU
		{7A2BAA2A-2D70-4371-9F32-CB3B71541651}.Debug|Any CPU.Build.0 = Debug|Any CPU
		{7A2BAA2A-2D70-4371-9F32-CB3B71541651}.Release|Any CPU.ActiveCfg = Release|Any CPU
		{7A2BAA2A-2D70-4371-9F32-CB3B71541651}.Release|Any CPU.Build.0 = Release|Any CPU
		{832891C9-213D-4140-8097-01F6E3A9313B}.Debug|Any CPU.ActiveCfg = Debug|Any CPU
		{832891C9-213D-4140-8097-01F6E3A9313B}.Debug|Any CPU.Build.0 = Debug|Any CPU
		{832891C9-213D-4140-8097-01F6E3A9313B}.Release|Any CPU.ActiveCfg = Release|Any CPU
		{832891C9-213D-4140-8097-01F6E3A9313B}.Release|Any CPU.Build.0 = Release|Any CPU
		{637DD406-19C7-49F0-8F33-31772B90750D}.Debug|Any CPU.ActiveCfg = Debug|Any CPU
		{637DD406-19C7-49F0-8F33-31772B90750D}.Debug|Any CPU.Build.0 = Debug|Any CPU
		{637DD406-19C7-49F0-8F33-31772B90750D}.Release|Any CPU.ActiveCfg = Release|Any CPU
		{637DD406-19C7-49F0-8F33-31772B90750D}.Release|Any CPU.Build.0 = Release|Any CPU
	EndGlobalSection
	GlobalSection(SolutionProperties) = preSolution
		HideSolutionNode = FALSE
	EndGlobalSection
	GlobalSection(NestedProjects) = preSolution
		{17F316BF-98DA-489C-A51E-FBA487ADE21B} = {088C8FF0-D5BC-4D26-A097-4107C641684A}
		{5E490B32-B5BA-4CB6-B9AC-A311E6642906} = {088C8FF0-D5BC-4D26-A097-4107C641684A}
		{293364E0-58E7-424B-896A-862A231352BA} = {F127B7D2-A5D2-43EF-B020-85203DC015E3}
		{E2516972-FF23-4EE9-8A2D-31A05A3F178A} = {1984E8A9-612C-4CB5-9D50-E2892320F264}
		{7A2BAA2A-2D70-4371-9F32-CB3B71541651} = {1984E8A9-612C-4CB5-9D50-E2892320F264}
		{832891C9-213D-4140-8097-01F6E3A9313B} = {1984E8A9-612C-4CB5-9D50-E2892320F264}
		{637DD406-19C7-49F0-8F33-31772B90750D} = {1984E8A9-612C-4CB5-9D50-E2892320F264}
	EndGlobalSection
EndGlobal
